
Microsoft Visual Studio Solution File, Format Version 12.00
# Visual Studio Version 18
VisualStudioVersion = 18.1.11312.151
MinimumVisualStudioVersion = 10.0.40219.1
Project("{FAE04EC0-301F-11D3-BF4B-00C04F79EFBC}") = "JassApp", "Sources\Application\JassApp.csproj", "{9626AE56-9692-6294-ABD2-2E851009CD32}"
EndProject
Project("{FAE04EC0-301F-11D3-BF4B-00C04F79EFBC}") = "JassApp.UnitTests", "Sources\UnitTests\JassApp.UnitTests.csproj", "{968D716F-AB81-7A70-3B65-DFF8941232C8}"
EndProject
Project("{2150E333-8FDC-42A3-9474-1A3956D46DE8}") = "Solution Items", "Solution Items", "{8EC462FD-D22E-90A8-E5CE-7E832BA40C5D}"
	ProjectSection(SolutionItems) = preProject
		TODOs.md = TODOs.md
	EndProjectSection
EndProject
Global
	GlobalSection(SolutionConfigurationPlatforms) = preSolution
		Debug|Any CPU = Debug|Any CPU
		Release|Any CPU = Release|Any CPU
	EndGlobalSection
	GlobalSection(ProjectConfigurationPlatforms) = postSolution
		{9626AE56-9692-6294-ABD2-2E851009CD32}.Debug|Any CPU.ActiveCfg = Debug|Any CPU
		{9626AE56-9692-6294-ABD2-2E851009CD32}.Debug|Any CPU.Build.0 = Debug|Any CPU
		{9626AE56-9692-6294-ABD2-2E851009CD32}.Release|Any CPU.ActiveCfg = Release|Any CPU
		{9626AE56-9692-6294-ABD2-2E851009CD32}.Release|Any CPU.Build.0 = Release|Any CPU
		{968D716F-AB81-7A70-3B65-DFF8941232C8}.Debug|Any CPU.ActiveCfg = Debug|Any CPU
		{968D716F-AB81-7A70-3B65-DFF8941232C8}.Debug|Any CPU.Build.0 = Debug|Any CPU
		{968D716F-AB81-7A70-3B65-DFF8941232C8}.Release|Any CPU.ActiveCfg = Release|Any CPU
		{968D716F-AB81-7A70-3B65-DFF8941232C8}.Release|Any CPU.Build.0 = Release|Any CPU
	EndGlobalSection
	GlobalSection(SolutionProperties) = preSolution
		HideSolutionNode = FALSE
	EndGlobalSection
	GlobalSection(ExtensibilityGlobals) = postSolution
		SolutionGuid = {AF037D7D-A00C-4729-AFDC-45EA984E5D17}
	EndGlobalSection
EndGlobal
